
Microsoft Visual Studio Solution File, Format Version 12.00
# Visual Studio Version 16
VisualStudioVersion = 16.0.31829.152
MinimumVisualStudioVersion = 10.0.40219.1
Project("{8BC9CEB8-8B4A-11D0-8D11-00A0C91BC942}") = "write", "Chapter17.vcxproj", "{D7C5EF89-0784-43D3-98B4-F1AD2676C4BF}"
EndProject
Project("{8BC9CEB8-8B4A-11D0-8D11-00A0C91BC942}") = "defaults", "..\defaults\defaults.vcxproj", "{B7A0EA3C-3E17-4489-8469-467B337454A7}"
EndProject
Project("{8BC9CEB8-8B4A-11D0-8D11-00A0C91BC942}") = "mainp", "..\mainp\mainp.vcxproj", "{67883D1B-9118-4089-83A1-E4E7E124235E}"
EndProject
Project("{8BC9CEB8-8B4A-11D0-8D11-00A0C91BC942}") = "width", "..\width\width.vcxproj", "{51AD7E67-A790-4449-9557-EC51C0A22B7C}"
EndProject
Project("{8BC9CEB8-8B4A-11D0-8D11-00A0C91BC942}") = "fill", "..\fill\fill.vcxproj", "{E113A429-CF19-4D5F-8DB3-D9625CA1B956}"
EndProject
Project("{8BC9CEB8-8B4A-11D0-8D11-00A0C91BC942}") = "precise", "..\precise\precise.vcxproj", "{A32B4C6F-FED3-4B1F-AC0D-E003262B869A}"
EndProject
Project("{8BC9CEB8-8B4A-11D0-8D11-00A0C91BC942}") = "showpt", "..\showpt\showpt.vcxproj", "{12D84A23-C076-4D46-9200-9DAC657E5AB5}"
EndProject
Project("{8BC9CEB8-8B4A-11D0-8D11-00A0C91BC942}") = "setf", "..\setf\setf.vcxproj", "{8660413B-E3CD-4073-BBA7-DC17BB619F75}"
EndProject
Project("{8BC9CEB8-8B4A-11D0-8D11-00A0C91BC942}") = "setf2", "..\setf2\setf2.vcxproj", "{B32C4F51-EE9D-470B-A4DB-C1EE5C3B000A}"
EndProject
Project("{8BC9CEB8-8B4A-11D0-8D11-00A0C91BC942}") = "iomainp", "..\iomainp\iomainp.vcxproj", "{E364E0C6-490D-480D-9E01-C15B7E16B954}"
EndProject
Project("{8BC9CEB8-8B4A-11D0-8D11-00A0C91BC942}") = "check_it", "..\check_it\check_it.vcxproj", "{1C2612B6-0309-4614-A5A3-E11159D79AC4}"
EndProject
Project("{8BC9CEB8-8B4A-11D0-8D11-00A0C91BC942}") = "cinexcp", "..\cinexcp\cinexcp.vcxproj", "{1C1A198E-D1C0-4EEE-A533-5E7B34ABFA40}"
EndProject
Project("{8BC9CEB8-8B4A-11D0-8D11-00A0C91BC942}") = "get_gun", "..\get_gun\get_gun.vcxproj", "{0A2F2331-0AE0-4471-ABC0-882250A0CEEE}"
EndProject
Project("{8BC9CEB8-8B4A-11D0-8D11-00A0C91BC942}") = "peeker", "..\peeker\peeker.vcxproj", "{2AC1ACAB-66B4-4E80-A6D7-D5460FACBB5A}"
EndProject
Project("{8BC9CEB8-8B4A-11D0-8D11-00A0C91BC942}") = "truncate", "..\truncate\truncate.vcxproj", "{14E92C49-BD67-4C8A-BC94-A2299C92C9E1}"
EndProject
Global
	GlobalSection(SolutionConfigurationPlatforms) = preSolution
		Debug|x64 = Debug|x64
		Debug|x86 = Debug|x86
		Release|x64 = Release|x64
		Release|x86 = Release|x86
	EndGlobalSection
	GlobalSection(ProjectConfigurationPlatforms) = postSolution
		{D7C5EF89-0784-43D3-98B4-F1AD2676C4BF}.Debug|x64.ActiveCfg = Debug|x64
		{D7C5EF89-0784-43D3-98B4-F1AD2676C4BF}.Debug|x64.Build.0 = Debug|x64
		{D7C5EF89-0784-43D3-98B4-F1AD2676C4BF}.Debug|x86.ActiveCfg = Debug|Win32
		{D7C5EF89-0784-43D3-98B4-F1AD2676C4BF}.Debug|x86.Build.0 = Debug|Win32
		{D7C5EF89-0784-43D3-98B4-F1AD2676C4BF}.Release|x64.ActiveCfg = Release|x64
		{D7C5EF89-0784-43D3-98B4-F1AD2676C4BF}.Release|x64.Build.0 = Release|x64
		{D7C5EF89-0784-43D3-98B4-F1AD2676C4BF}.Release|x86.ActiveCfg = Release|Win32
		{D7C5EF89-0784-43D3-98B4-F1AD2676C4BF}.Release|x86.Build.0 = Release|Win32
		{B7A0EA3C-3E17-4489-8469-467B337454A7}.Debug|x64.ActiveCfg = Debug|x64
		{B7A0EA3C-3E17-4489-8469-467B337454A7}.Debug|x64.Build.0 = Debug|x64
		{B7A0EA3C-3E17-4489-8469-467B337454A7}.Debug|x86.ActiveCfg = Debug|Win32
		{B7A0EA3C-3E17-4489-8469-467B337454A7}.Debug|x86.Build.0 = Debug|Win32
		{B7A0EA3C-3E17-4489-8469-467B337454A7}.Release|x64.ActiveCfg = Release|x64
		{B7A0EA3C-3E17-4489-8469-467B337454A7}.Release|x64.Build.0 = Release|x64
		{B7A0EA3C-3E17-4489-8469-467B337454A7}.Release|x86.ActiveCfg = Release|Win32
		{B7A0EA3C-3E17-4489-8469-467B337454A7}.Release|x86.Build.0 = Release|Win32
		{67883D1B-9118-4089-83A1-E4E7E124235E}.Debug|x64.ActiveCfg = Debug|x64
		{67883D1B-9118-4089-83A1-E4E7E124235E}.Debug|x64.Build.0 = Debug|x64
		{67883D1B-9118-4089-83A1-E4E7E124235E}.Debug|x86.ActiveCfg = Debug|Win32
		{67883D1B-9118-4089-83A1-E4E7E124235E}.Debug|x86.Build.0 = Debug|Win32
		{67883D1B-9118-4089-83A1-E4E7E124235E}.Release|x64.ActiveCfg = Release|x64
		{67883D1B-9118-4089-83A1-E4E7E124235E}.Release|x64.Build.0 = Release|x64
		{67883D1B-9118-4089-83A1-E4E7E124235E}.Release|x86.ActiveCfg = Release|Win32
		{67883D1B-9118-4089-83A1-E4E7E124235E}.Release|x86.Build.0 = Release|Win32
		{51AD7E67-A790-4449-9557-EC51C0A22B7C}.Debug|x64.ActiveCfg = Debug|x64
		{51AD7E67-A790-4449-9557-EC51C0A22B7C}.Debug|x64.Build.0 = Debug|x64
		{51AD7E67-A790-4449-9557-EC51C0A22B7C}.Debug|x86.ActiveCfg = Debug|Win32
		{51AD7E67-A790-4449-9557-EC51C0A22B7C}.Debug|x86.Build.0 = Debug|Win32
		{51AD7E67-A790-4449-9557-EC51C0A22B7C}.Release|x64.ActiveCfg = Release|x64
		{51AD7E67-A790-4449-9557-EC51C0A22B7C}.Release|x64.Build.0 = Release|x64
		{51AD7E67-A790-4449-9557-EC51C0A22B7C}.Release|x86.ActiveCfg = Release|Win32
		{51AD7E67-A790-4449-9557-EC51C0A22B7C}.Release|x86.Build.0 = Release|Win32
		{E113A429-CF19-4D5F-8DB3-D9625CA1B956}.Debug|x64.ActiveCfg = Debug|x64
		{E113A429-CF19-4D5F-8DB3-D9625CA1B956}.Debug|x64.Build.0 = Debug|x64
		{E113A429-CF19-4D5F-8DB3-D9625CA1B956}.Debug|x86.ActiveCfg = Debug|Win32
		{E113A429-CF19-4D5F-8DB3-D9625CA1B956}.Debug|x86.Build.0 = Debug|Win32
		{E113A429-CF19-4D5F-8DB3-D9625CA1B956}.Release|x64.ActiveCfg = Release|x64
		{E113A429-CF19-4D5F-8DB3-D9625CA1B956}.Release|x64.Build.0 = Release|x64
		{E113A429-CF19-4D5F-8DB3-D9625CA1B956}.Release|x86.ActiveCfg = Release|Win32
		{E113A429-CF19-4D5F-8DB3-D9625CA1B956}.Release|x86.Build.0 = Release|Win32
		{A32B4C6F-FED3-4B1F-AC0D-E003262B869A}.Debug|x64.ActiveCfg = Debug|x64
		{A32B4C6F-FED3-4B1F-AC0D-E003262B869A}.Debug|x64.Build.0 = Debug|x64
		{A32B4C6F-FED3-4B1F-AC0D-E003262B869A}.Debug|x86.ActiveCfg = Debug|Win32
		{A32B4C6F-FED3-4B1F-AC0D-E003262B869A}.Debug|x86.Build.0 = Debug|Win32
		{A32B4C6F-FED3-4B1F-AC0D-E003262B869A}.Release|x64.ActiveCfg = Release|x64
		{A32B4C6F-FED3-4B1F-AC0D-E003262B869A}.Release|x64.Build.0 = Release|x64
		{A32B4C6F-FED3-4B1F-AC0D-E003262B869A}.Release|x86.ActiveCfg = Release|Win32
		{A32B4C6F-FED3-4B1F-AC0D-E003262B869A}.Release|x86.Build.0 = Release|Win32
		{12D84A23-C076-4D46-9200-9DAC657E5AB5}.Debug|x64.ActiveCfg = Debug|x64
		{12D84A23-C076-4D46-9200-9DAC657E5AB5}.Debug|x64.Build.0 = Debug|x64
		{12D84A23-C076-4D46-9200-9DAC657E5AB5}.Debug|x86.ActiveCfg = Debug|Win32
		{12D84A23-C076-4D46-9200-9DAC657E5AB5}.Debug|x86.Build.0 = Debug|Win32
		{12D84A23-C076-4D46-9200-9DAC657E5AB5}.Release|x64.ActiveCfg = Release|x64
		{12D84A23-C076-4D46-9200-9DAC657E5AB5}.Release|x64.Build.0 = Release|x64
		{12D84A23-C076-4D46-9200-9DAC657E5AB5}.Release|x86.ActiveCfg = Release|Win32
		{12D84A23-C076-4D46-9200-9DAC657E5AB5}.Release|x86.Build.0 = Release|Win32
		{8660413B-E3CD-4073-BBA7-DC17BB619F75}.Debug|x64.ActiveCfg = Debug|x64
		{8660413B-E3CD-4073-BBA7-DC17BB619F75}.Debug|x64.Build.0 = Debug|x64
		{8660413B-E3CD-4073-BBA7-DC17BB619F75}.Debug|x86.ActiveCfg = Debug|Win32
		{8660413B-E3CD-4073-BBA7-DC17BB619F75}.Debug|x86.Build.0 = Debug|Win32
		{8660413B-E3CD-4073-BBA7-DC17BB619F75}.Release|x64.ActiveCfg = Release|x64
		{8660413B-E3CD-4073-BBA7-DC17BB619F75}.Release|x64.Build.0 = Release|x64
		{8660413B-E3CD-4073-BBA7-DC17BB619F75}.Release|x86.ActiveCfg = Release|Win32
		{8660413B-E3CD-4073-BBA7-DC17BB619F75}.Release|x86.Build.0 = Release|Win32
		{B32C4F51-EE9D-470B-A4DB-C1EE5C3B000A}.Debug|x64.ActiveCfg = Debug|x64
		{B32C4F51-EE9D-470B-A4DB-C1EE5C3B000A}.Debug|x64.Build.0 = Debug|x64
		{B32C4F51-EE9D-470B-A4DB-C1EE5C3B000A}.Debug|x86.ActiveCfg = Debug|Win32
		{B32C4F51-EE9D-470B-A4DB-C1EE5C3B000A}.Debug|x86.Build.0 = Debug|Win32
		{B32C4F51-EE9D-470B-A4DB-C1EE5C3B000A}.Release|x64.ActiveCfg = Release|x64
		{B32C4F51-EE9D-470B-A4DB-C1EE5C3B000A}.Release|x64.Build.0 = Release|x64
		{B32C4F51-EE9D-470B-A4DB-C1EE5C3B000A}.Release|x86.ActiveCfg = Release|Win32
		{B32C4F51-EE9D-470B-A4DB-C1EE5C3B000A}.Release|x86.Build.0 = Release|Win32
		{E364E0C6-490D-480D-9E01-C15B7E16B954}.Debug|x64.ActiveCfg = Debug|x64
		{E364E0C6-490D-480D-9E01-C15B7E16B954}.Debug|x64.Build.0 = Debug|x64
		{E364E0C6-490D-480D-9E01-C15B7E16B954}.Debug|x86.ActiveCfg = Debug|Win32
		{E364E0C6-490D-480D-9E01-C15B7E16B954}.Debug|x86.Build.0 = Debug|Win32
		{E364E0C6-490D-480D-9E01-C15B7E16B954}.Release|x64.ActiveCfg = Release|x64
		{E364E0C6-490D-480D-9E01-C15B7E16B954}.Release|x64.Build.0 = Release|x64
		{E364E0C6-490D-480D-9E01-C15B7E16B954}.Release|x86.ActiveCfg = Release|Win32
		{E364E0C6-490D-480D-9E01-C15B7E16B954}.Release|x86.Build.0 = Release|Win32
		{1C2612B6-0309-4614-A5A3-E11159D79AC4}.Debug|x64.ActiveCfg = Debug|x64
		{1C2612B6-0309-4614-A5A3-E11159D79AC4}.Debug|x64.Build.0 = Debug|x64
		{1C2612B6-0309-4614-A5A3-E11159D79AC4}.Debug|x86.ActiveCfg = Debug|Win32
		{1C2612B6-0309-4614-A5A3-E11159D79AC4}.Debug|x86.Build.0 = Debug|Win32
		{1C2612B6-0309-4614-A5A3-E11159D79AC4}.Release|x64.ActiveCfg = Release|x64
		{1C2612B6-0309-4614-A5A3-E11159D79AC4}.Release|x64.Build.0 = Release|x64
		{1C2612B6-0309-4614-A5A3-E11159D79AC4}.Release|x86.ActiveCfg = Release|Win32
		{1C2612B6-0309-4614-A5A3-E11159D79AC4}.Release|x86.Build.0 = Release|Win32
		{1C1A198E-D1C0-4EEE-A533-5E7B34ABFA40}.Debug|x64.ActiveCfg = Debug|x64
		{1C1A198E-D1C0-4EEE-A533-5E7B34ABFA40}.Debug|x64.Build.0 = Debug|x64
		{1C1A198E-D1C0-4EEE-A533-5E7B34ABFA40}.Debug|x86.ActiveCfg = Debug|Win32
		{1C1A198E-D1C0-4EEE-A533-5E7B34ABFA40}.Debug|x86.Build.0 = Debug|Win32
		{1C1A198E-D1C0-4EEE-A533-5E7B34ABFA40}.Release|x64.ActiveCfg = Release|x64
		{1C1A198E-D1C0-4EEE-A533-5E7B34ABFA40}.Release|x64.Build.0 = Release|x64
		{1C1A198E-D1C0-4EEE-A533-5E7B34ABFA40}.Release|x86.ActiveCfg = Release|Win32
		{1C1A198E-D1C0-4EEE-A533-5E7B34ABFA40}.Release|x86.Build.0 = Release|Win32
		{0A2F2331-0AE0-4471-ABC0-882250A0CEEE}.Debug|x64.ActiveCfg = Debug|x64
		{0A2F2331-0AE0-4471-ABC0-882250A0CEEE}.Debug|x64.Build.0 = Debug|x64
		{0A2F2331-0AE0-4471-ABC0-882250A0CEEE}.Debug|x86.ActiveCfg = Debug|Win32
		{0A2F2331-0AE0-4471-ABC0-882250A0CEEE}.Debug|x86.Build.0 = Debug|Win32
		{0A2F2331-0AE0-4471-ABC0-882250A0CEEE}.Release|x64.ActiveCfg = Release|x64
		{0A2F2331-0AE0-4471-ABC0-882250A0CEEE}.Release|x64.Build.0 = Release|x64
		{0A2F2331-0AE0-4471-ABC0-882250A0CEEE}.Release|x86.ActiveCfg = Release|Win32
		{0A2F2331-0AE0-4471-ABC0-882250A0CEEE}.Release|x86.Build.0 = Release|Win32
		{2AC1ACAB-66B4-4E80-A6D7-D5460FACBB5A}.Debug|x64.ActiveCfg = Debug|x64
		{2AC1ACAB-66B4-4E80-A6D7-D5460FACBB5A}.Debug|x64.Build.0 = Debug|x64
		{2AC1ACAB-66B4-4E80-A6D7-D5460FACBB5A}.Debug|x86.ActiveCfg = Debug|Win32
		{2AC1ACAB-66B4-4E80-A6D7-D5460FACBB5A}.Debug|x86.Build.0 = Debug|Win32
		{2AC1ACAB-66B4-4E80-A6D7-D5460FACBB5A}.Release|x64.ActiveCfg = Release|x64
		{2AC1ACAB-66B4-4E80-A6D7-D5460FACBB5A}.Release|x64.Build.0 = Release|x64
		{2AC1ACAB-66B4-4E80-A6D7-D5460FACBB5A}.Release|x86.ActiveCfg = Release|Win32
		{2AC1ACAB-66B4-4E80-A6D7-D5460FACBB5A}.Release|x86.Build.0 = Release|Win32
		{14E92C49-BD67-4C8A-BC94-A2299C92C9E1}.Debug|x64.ActiveCfg = Debug|x64
		{14E92C49-BD67-4C8A-BC94-A2299C92C9E1}.Debug|x64.Build.0 = Debug|x64
		{14E92C49-BD67-4C8A-BC94-A2299C92C9E1}.Debug|x86.ActiveCfg = Debug|Win32
		{14E92C49-BD67-4C8A-BC94-A2299C92C9E1}.Debug|x86.Build.0 = Debug|Win32
		{14E92C49-BD67-4C8A-BC94-A2299C92C9E1}.Release|x64.ActiveCfg = Release|x64
		{14E92C49-BD67-4C8A-BC94-A2299C92C9E1}.Release|x64.Build.0 = Release|x64
		{14E92C49-BD67-4C8A-BC94-A2299C92C9E1}.Release|x86.ActiveCfg = Release|Win32
		{14E92C49-BD67-4C8A-BC94-A2299C92C9E1}.Release|x86.Build.0 = Release|Win32
	EndGlobalSection
	GlobalSection(SolutionProperties) = preSolution
		HideSolutionNode = FALSE
	EndGlobalSection
	GlobalSection(ExtensibilityGlobals) = postSolution
		SolutionGuid = {AB0A8ECC-62ED-4D21-9504-087B003A8D1F}
	EndGlobalSection
EndGlobal
