
Microsoft Visual Studio Solution File, Format Version 12.00
# Visual Studio Version 16
VisualStudioVersion = 16.0.31829.152
MinimumVisualStudioVersion = 10.0.40219.1
Project("{8BC9CEB8-8B4A-11D0-8D11-00A0C91BC942}") = "tvfm", "FriendClass.vcxproj", "{760E0D0C-1FC5-4BC9-A3F4-F4C2D4892A02}"
EndProject
Project("{8BC9CEB8-8B4A-11D0-8D11-00A0C91BC942}") = "queuetp", "..\queuetp\queuetp.vcxproj", "{7DFEC0EE-5F91-497B-B5BF-34892E322BE1}"
EndProject
Global
	GlobalSection(SolutionConfigurationPlatforms) = preSolution
		Debug|x64 = Debug|x64
		Debug|x86 = Debug|x86
		Release|x64 = Release|x64
		Release|x86 = Release|x86
	EndGlobalSection
	GlobalSection(ProjectConfigurationPlatforms) = postSolution
		{760E0D0C-1FC5-4BC9-A3F4-F4C2D4892A02}.Debug|x64.ActiveCfg = Debug|x64
		{760E0D0C-1FC5-4BC9-A3F4-F4C2D4892A02}.Debug|x64.Build.0 = Debug|x64
		{760E0D0C-1FC5-4BC9-A3F4-F4C2D4892A02}.Debug|x86.ActiveCfg = Debug|Win32
		{760E0D0C-1FC5-4BC9-A3F4-F4C2D4892A02}.Debug|x86.Build.0 = Debug|Win32
		{760E0D0C-1FC5-4BC9-A3F4-F4C2D4892A02}.Release|x64.ActiveCfg = Release|x64
		{760E0D0C-1FC5-4BC9-A3F4-F4C2D4892A02}.Release|x64.Build.0 = Release|x64
		{760E0D0C-1FC5-4BC9-A3F4-F4C2D4892A02}.Release|x86.ActiveCfg = Release|Win32
		{760E0D0C-1FC5-4BC9-A3F4-F4C2D4892A02}.Release|x86.Build.0 = Release|Win32
		{7DFEC0EE-5F91-497B-B5BF-34892E322BE1}.Debug|x64.ActiveCfg = Debug|x64
		{7DFEC0EE-5F91-497B-B5BF-34892E322BE1}.Debug|x64.Build.0 = Debug|x64
		{7DFEC0EE-5F91-497B-B5BF-34892E322BE1}.Debug|x86.ActiveCfg = Debug|Win32
		{7DFEC0EE-5F91-497B-B5BF-34892E322BE1}.Debug|x86.Build.0 = Debug|Win32
		{7DFEC0EE-5F91-497B-B5BF-34892E322BE1}.Release|x64.ActiveCfg = Release|x64
		{7DFEC0EE-5F91-497B-B5BF-34892E322BE1}.Release|x64.Build.0 = Release|x64
		{7DFEC0EE-5F91-497B-B5BF-34892E322BE1}.Release|x86.ActiveCfg = Release|Win32
		{7DFEC0EE-5F91-497B-B5BF-34892E322BE1}.Release|x86.Build.0 = Release|Win32
	EndGlobalSection
	GlobalSection(SolutionProperties) = preSolution
		HideSolutionNode = FALSE
	EndGlobalSection
	GlobalSection(ExtensibilityGlobals) = postSolution
		SolutionGuid = {4F376655-7C5B-4B81-9F4A-5408B909624D}
	EndGlobalSection
EndGlobal
