
Microsoft Visual Studio Solution File, Format Version 12.00
# Visual Studio Version 16
VisualStudioVersion = 16.0.31829.152
MinimumVisualStudioVersion = 10.0.40219.1
Project("{8BC9CEB8-8B4A-11D0-8D11-00A0C91BC942}") = "str1", "Chapter16.vcxproj", "{3C710BD9-2A7A-494F-B112-4DCE3FE06DF8}"
EndProject
Project("{8BC9CEB8-8B4A-11D0-8D11-00A0C91BC942}") = "strfile", "..\strfile\strfile.vcxproj", "{8DDE1718-923A-4895-B677-452178A3E223}"
EndProject
Project("{8BC9CEB8-8B4A-11D0-8D11-00A0C91BC942}") = "hangman", "..\hangman\hangman.vcxproj", "{58378619-431B-4393-943B-752F338A38D4}"
EndProject
Project("{8BC9CEB8-8B4A-11D0-8D11-00A0C91BC942}") = "str2", "..\str2\str2.vcxproj", "{D93DCF34-AC6F-4433-9B45-14BFD85674A7}"
EndProject
Project("{8BC9CEB8-8B4A-11D0-8D11-00A0C91BC942}") = "smrtptrs", "..\smrtptrs\smrtptrs.vcxproj", "{507F95AA-2F81-46BF-8FA2-C984C5166903}"
EndProject
Project("{8BC9CEB8-8B4A-11D0-8D11-00A0C91BC942}") = "fowl", "..\fowl\fowl.vcxproj", "{6EF2D89C-F4E4-4529-83CA-87A87C5DD96F}"
EndProject
Project("{8BC9CEB8-8B4A-11D0-8D11-00A0C91BC942}") = "vect1", "..\vect1\vect1.vcxproj", "{340F3C51-1A17-4A51-9461-C12BE04D26B0}"
EndProject
Project("{8BC9CEB8-8B4A-11D0-8D11-00A0C91BC942}") = "vect2", "..\vect2\vect2.vcxproj", "{4B0A6662-FEEB-4EAD-B4E8-AFDA2247D5F9}"
EndProject
Project("{8BC9CEB8-8B4A-11D0-8D11-00A0C91BC942}") = "vect3", "..\vect3\vect3.vcxproj", "{1BCE11CF-3CF2-4374-B9DA-BCE0EC210452}"
EndProject
Project("{8BC9CEB8-8B4A-11D0-8D11-00A0C91BC942}") = "copyit", "..\copyit\copyit.vcxproj", "{5627B918-DA8E-4617-8574-A72250CFE132}"
EndProject
Project("{8BC9CEB8-8B4A-11D0-8D11-00A0C91BC942}") = "inserts", "..\inserts\inserts.vcxproj", "{1A7CAC29-7A06-434B-B365-CD8ECB31F8AC}"
EndProject
Global
	GlobalSection(SolutionConfigurationPlatforms) = preSolution
		Debug|x64 = Debug|x64
		Debug|x86 = Debug|x86
		Release|x64 = Release|x64
		Release|x86 = Release|x86
	EndGlobalSection
	GlobalSection(ProjectConfigurationPlatforms) = postSolution
		{3C710BD9-2A7A-494F-B112-4DCE3FE06DF8}.Debug|x64.ActiveCfg = Debug|x64
		{3C710BD9-2A7A-494F-B112-4DCE3FE06DF8}.Debug|x64.Build.0 = Debug|x64
		{3C710BD9-2A7A-494F-B112-4DCE3FE06DF8}.Debug|x86.ActiveCfg = Debug|Win32
		{3C710BD9-2A7A-494F-B112-4DCE3FE06DF8}.Debug|x86.Build.0 = Debug|Win32
		{3C710BD9-2A7A-494F-B112-4DCE3FE06DF8}.Release|x64.ActiveCfg = Release|x64
		{3C710BD9-2A7A-494F-B112-4DCE3FE06DF8}.Release|x64.Build.0 = Release|x64
		{3C710BD9-2A7A-494F-B112-4DCE3FE06DF8}.Release|x86.ActiveCfg = Release|Win32
		{3C710BD9-2A7A-494F-B112-4DCE3FE06DF8}.Release|x86.Build.0 = Release|Win32
		{8DDE1718-923A-4895-B677-452178A3E223}.Debug|x64.ActiveCfg = Debug|x64
		{8DDE1718-923A-4895-B677-452178A3E223}.Debug|x64.Build.0 = Debug|x64
		{8DDE1718-923A-4895-B677-452178A3E223}.Debug|x86.ActiveCfg = Debug|Win32
		{8DDE1718-923A-4895-B677-452178A3E223}.Debug|x86.Build.0 = Debug|Win32
		{8DDE1718-923A-4895-B677-452178A3E223}.Release|x64.ActiveCfg = Release|x64
		{8DDE1718-923A-4895-B677-452178A3E223}.Release|x64.Build.0 = Release|x64
		{8DDE1718-923A-4895-B677-452178A3E223}.Release|x86.ActiveCfg = Release|Win32
		{8DDE1718-923A-4895-B677-452178A3E223}.Release|x86.Build.0 = Release|Win32
		{58378619-431B-4393-943B-752F338A38D4}.Debug|x64.ActiveCfg = Debug|x64
		{58378619-431B-4393-943B-752F338A38D4}.Debug|x64.Build.0 = Debug|x64
		{58378619-431B-4393-943B-752F338A38D4}.Debug|x86.ActiveCfg = Debug|Win32
		{58378619-431B-4393-943B-752F338A38D4}.Debug|x86.Build.0 = Debug|Win32
		{58378619-431B-4393-943B-752F338A38D4}.Release|x64.ActiveCfg = Release|x64
		{58378619-431B-4393-943B-752F338A38D4}.Release|x64.Build.0 = Release|x64
		{58378619-431B-4393-943B-752F338A38D4}.Release|x86.ActiveCfg = Release|Win32
		{58378619-431B-4393-943B-752F338A38D4}.Release|x86.Build.0 = Release|Win32
		{D93DCF34-AC6F-4433-9B45-14BFD85674A7}.Debug|x64.ActiveCfg = Debug|x64
		{D93DCF34-AC6F-4433-9B45-14BFD85674A7}.Debug|x64.Build.0 = Debug|x64
		{D93DCF34-AC6F-4433-9B45-14BFD85674A7}.Debug|x86.ActiveCfg = Debug|Win32
		{D93DCF34-AC6F-4433-9B45-14BFD85674A7}.Debug|x86.Build.0 = Debug|Win32
		{D93DCF34-AC6F-4433-9B45-14BFD85674A7}.Release|x64.ActiveCfg = Release|x64
		{D93DCF34-AC6F-4433-9B45-14BFD85674A7}.Release|x64.Build.0 = Release|x64
		{D93DCF34-AC6F-4433-9B45-14BFD85674A7}.Release|x86.ActiveCfg = Release|Win32
		{D93DCF34-AC6F-4433-9B45-14BFD85674A7}.Release|x86.Build.0 = Release|Win32
		{507F95AA-2F81-46BF-8FA2-C984C5166903}.Debug|x64.ActiveCfg = Debug|x64
		{507F95AA-2F81-46BF-8FA2-C984C5166903}.Debug|x64.Build.0 = Debug|x64
		{507F95AA-2F81-46BF-8FA2-C984C5166903}.Debug|x86.ActiveCfg = Debug|Win32
		{507F95AA-2F81-46BF-8FA2-C984C5166903}.Debug|x86.Build.0 = Debug|Win32
		{507F95AA-2F81-46BF-8FA2-C984C5166903}.Release|x64.ActiveCfg = Release|x64
		{507F95AA-2F81-46BF-8FA2-C984C5166903}.Release|x64.Build.0 = Release|x64
		{507F95AA-2F81-46BF-8FA2-C984C5166903}.Release|x86.ActiveCfg = Release|Win32
		{507F95AA-2F81-46BF-8FA2-C984C5166903}.Release|x86.Build.0 = Release|Win32
		{6EF2D89C-F4E4-4529-83CA-87A87C5DD96F}.Debug|x64.ActiveCfg = Debug|x64
		{6EF2D89C-F4E4-4529-83CA-87A87C5DD96F}.Debug|x64.Build.0 = Debug|x64
		{6EF2D89C-F4E4-4529-83CA-87A87C5DD96F}.Debug|x86.ActiveCfg = Debug|Win32
		{6EF2D89C-F4E4-4529-83CA-87A87C5DD96F}.Debug|x86.Build.0 = Debug|Win32
		{6EF2D89C-F4E4-4529-83CA-87A87C5DD96F}.Release|x64.ActiveCfg = Release|x64
		{6EF2D89C-F4E4-4529-83CA-87A87C5DD96F}.Release|x64.Build.0 = Release|x64
		{6EF2D89C-F4E4-4529-83CA-87A87C5DD96F}.Release|x86.ActiveCfg = Release|Win32
		{6EF2D89C-F4E4-4529-83CA-87A87C5DD96F}.Release|x86.Build.0 = Release|Win32
		{340F3C51-1A17-4A51-9461-C12BE04D26B0}.Debug|x64.ActiveCfg = Debug|x64
		{340F3C51-1A17-4A51-9461-C12BE04D26B0}.Debug|x64.Build.0 = Debug|x64
		{340F3C51-1A17-4A51-9461-C12BE04D26B0}.Debug|x86.ActiveCfg = Debug|Win32
		{340F3C51-1A17-4A51-9461-C12BE04D26B0}.Debug|x86.Build.0 = Debug|Win32
		{340F3C51-1A17-4A51-9461-C12BE04D26B0}.Release|x64.ActiveCfg = Release|x64
		{340F3C51-1A17-4A51-9461-C12BE04D26B0}.Release|x64.Build.0 = Release|x64
		{340F3C51-1A17-4A51-9461-C12BE04D26B0}.Release|x86.ActiveCfg = Release|Win32
		{340F3C51-1A17-4A51-9461-C12BE04D26B0}.Release|x86.Build.0 = Release|Win32
		{4B0A6662-FEEB-4EAD-B4E8-AFDA2247D5F9}.Debug|x64.ActiveCfg = Debug|x64
		{4B0A6662-FEEB-4EAD-B4E8-AFDA2247D5F9}.Debug|x64.Build.0 = Debug|x64
		{4B0A6662-FEEB-4EAD-B4E8-AFDA2247D5F9}.Debug|x86.ActiveCfg = Debug|Win32
		{4B0A6662-FEEB-4EAD-B4E8-AFDA2247D5F9}.Debug|x86.Build.0 = Debug|Win32
		{4B0A6662-FEEB-4EAD-B4E8-AFDA2247D5F9}.Release|x64.ActiveCfg = Release|x64
		{4B0A6662-FEEB-4EAD-B4E8-AFDA2247D5F9}.Release|x64.Build.0 = Release|x64
		{4B0A6662-FEEB-4EAD-B4E8-AFDA2247D5F9}.Release|x86.ActiveCfg = Release|Win32
		{4B0A6662-FEEB-4EAD-B4E8-AFDA2247D5F9}.Release|x86.Build.0 = Release|Win32
		{1BCE11CF-3CF2-4374-B9DA-BCE0EC210452}.Debug|x64.ActiveCfg = Debug|x64
		{1BCE11CF-3CF2-4374-B9DA-BCE0EC210452}.Debug|x64.Build.0 = Debug|x64
		{1BCE11CF-3CF2-4374-B9DA-BCE0EC210452}.Debug|x86.ActiveCfg = Debug|Win32
		{1BCE11CF-3CF2-4374-B9DA-BCE0EC210452}.Debug|x86.Build.0 = Debug|Win32
		{1BCE11CF-3CF2-4374-B9DA-BCE0EC210452}.Release|x64.ActiveCfg = Release|x64
		{1BCE11CF-3CF2-4374-B9DA-BCE0EC210452}.Release|x64.Build.0 = Release|x64
		{1BCE11CF-3CF2-4374-B9DA-BCE0EC210452}.Release|x86.ActiveCfg = Release|Win32
		{1BCE11CF-3CF2-4374-B9DA-BCE0EC210452}.Release|x86.Build.0 = Release|Win32
		{5627B918-DA8E-4617-8574-A72250CFE132}.Debug|x64.ActiveCfg = Debug|x64
		{5627B918-DA8E-4617-8574-A72250CFE132}.Debug|x64.Build.0 = Debug|x64
		{5627B918-DA8E-4617-8574-A72250CFE132}.Debug|x86.ActiveCfg = Debug|Win32
		{5627B918-DA8E-4617-8574-A72250CFE132}.Debug|x86.Build.0 = Debug|Win32
		{5627B918-DA8E-4617-8574-A72250CFE132}.Release|x64.ActiveCfg = Release|x64
		{5627B918-DA8E-4617-8574-A72250CFE132}.Release|x64.Build.0 = Release|x64
		{5627B918-DA8E-4617-8574-A72250CFE132}.Release|x86.ActiveCfg = Release|Win32
		{5627B918-DA8E-4617-8574-A72250CFE132}.Release|x86.Build.0 = Release|Win32
		{1A7CAC29-7A06-434B-B365-CD8ECB31F8AC}.Debug|x64.ActiveCfg = Debug|x64
		{1A7CAC29-7A06-434B-B365-CD8ECB31F8AC}.Debug|x64.Build.0 = Debug|x64
		{1A7CAC29-7A06-434B-B365-CD8ECB31F8AC}.Debug|x86.ActiveCfg = Debug|Win32
		{1A7CAC29-7A06-434B-B365-CD8ECB31F8AC}.Debug|x86.Build.0 = Debug|Win32
		{1A7CAC29-7A06-434B-B365-CD8ECB31F8AC}.Release|x64.ActiveCfg = Release|x64
		{1A7CAC29-7A06-434B-B365-CD8ECB31F8AC}.Release|x64.Build.0 = Release|x64
		{1A7CAC29-7A06-434B-B365-CD8ECB31F8AC}.Release|x86.ActiveCfg = Release|Win32
		{1A7CAC29-7A06-434B-B365-CD8ECB31F8AC}.Release|x86.Build.0 = Release|Win32
	EndGlobalSection
	GlobalSection(SolutionProperties) = preSolution
		HideSolutionNode = FALSE
	EndGlobalSection
	GlobalSection(ExtensibilityGlobals) = postSolution
		SolutionGuid = {66CF89B9-65CE-4327-8909-4AB7E7E88201}
	EndGlobalSection
EndGlobal
